
Microsoft Visual Studio Solution File, Format Version 11.00
# Visual Studio 2010
Project("{FAE04EC0-301F-11D3-BF4B-00C04F79EFBC}") = "Phony", "Assembly-CSharp-firstpass.csproj", "{761D718A-5075-9EC2-E627-AA483830B68C}"
EndProject
Project("{FAE04EC0-301F-11D3-BF4B-00C04F79EFBC}") = "Phony", "Assembly-CSharp.csproj", "{467ABC56-1427-3267-6FE5-A98CE5DB7E36}"
EndProject
Project("{FAE04EC0-301F-11D3-BF4B-00C04F79EFBC}") = "Phony", "Assembly-CSharp-Editor-firstpass.csproj", "{9AA6AF8B-4BC2-1BD1-475E-B453BDC24AC3}"
EndProject
Project("{FAE04EC0-301F-11D3-BF4B-00C04F79EFBC}") = "Phony", "Assembly-CSharp-Editor.csproj", "{5B7B454D-7209-A698-7D83-4C22CC479DD9}"
EndProject
Global
	GlobalSection(SolutionConfigurationPlatforms) = preSolution
		Debug|Any CPU = Debug|Any CPU
		Release|Any CPU = Release|Any CPU
	EndGlobalSection
	GlobalSection(ProjectConfigurationPlatforms) = postSolution
		{761D718A-5075-9EC2-E627-AA483830B68C}.Debug|Any CPU.ActiveCfg = Debug|Any CPU
		{761D718A-5075-9EC2-E627-AA483830B68C}.Debug|Any CPU.Build.0 = Debug|Any CPU
		{761D718A-5075-9EC2-E627-AA483830B68C}.Release|Any CPU.ActiveCfg = Release|Any CPU
		{761D718A-5075-9EC2-E627-AA483830B68C}.Release|Any CPU.Build.0 = Release|Any CPU
		{467ABC56-1427-3267-6FE5-A98CE5DB7E36}.Debug|Any CPU.ActiveCfg = Debug|Any CPU
		{467ABC56-1427-3267-6FE5-A98CE5DB7E36}.Debug|Any CPU.Build.0 = Debug|Any CPU
		{467ABC56-1427-3267-6FE5-A98CE5DB7E36}.Release|Any CPU.ActiveCfg = Release|Any CPU
		{467ABC56-1427-3267-6FE5-A98CE5DB7E36}.Release|Any CPU.Build.0 = Release|Any CPU
		{9AA6AF8B-4BC2-1BD1-475E-B453BDC24AC3}.Debug|Any CPU.ActiveCfg = Debug|Any CPU
		{9AA6AF8B-4BC2-1BD1-475E-B453BDC24AC3}.Debug|Any CPU.Build.0 = Debug|Any CPU
		{9AA6AF8B-4BC2-1BD1-475E-B453BDC24AC3}.Release|Any CPU.ActiveCfg = Release|Any CPU
		{9AA6AF8B-4BC2-1BD1-475E-B453BDC24AC3}.Release|Any CPU.Build.0 = Release|Any CPU
		{5B7B454D-7209-A698-7D83-4C22CC479DD9}.Debug|Any CPU.ActiveCfg = Debug|Any CPU
		{5B7B454D-7209-A698-7D83-4C22CC479DD9}.Debug|Any CPU.Build.0 = Debug|Any CPU
		{5B7B454D-7209-A698-7D83-4C22CC479DD9}.Release|Any CPU.ActiveCfg = Release|Any CPU
		{5B7B454D-7209-A698-7D83-4C22CC479DD9}.Release|Any CPU.Build.0 = Release|Any CPU
	EndGlobalSection
	GlobalSection(SolutionProperties) = preSolution
		HideSolutionNode = FALSE
	EndGlobalSection
	GlobalSection(MonoDevelopProperties) = preSolution
		StartupItem = Assembly-CSharp.csproj
	EndGlobalSection
EndGlobal
