
Microsoft Visual Studio Solution File, Format Version 12.00
# Visual Studio 2015
Project("{FAE04EC0-301F-11D3-BF4B-00C04F79EFBC}") = "Phony.CSharp.Plugins", "Phony.CSharp.Plugins.csproj", "{FB7C7F44-DACA-7D3C-773F-7156CDFD9A88}"
EndProject
Project("{FAE04EC0-301F-11D3-BF4B-00C04F79EFBC}") = "Phony.CSharp", "Phony.CSharp.csproj", "{EDE3743A-4D3C-1B3F-31F9-8EAB7CB203E2}"
EndProject
Project("{FAE04EC0-301F-11D3-BF4B-00C04F79EFBC}") = "Phony.CSharp.Editor.Plugins", "Phony.CSharp.Editor.Plugins.csproj", "{912EADE1-DC47-A3CC-4999-D02EC0068213}"
EndProject
Project("{FAE04EC0-301F-11D3-BF4B-00C04F79EFBC}") = "Phony.CSharp.Editor", "Phony.CSharp.Editor.csproj", "{D744C6C6-45D6-031E-C6E0-D8148250A109}"
EndProject
Global
	GlobalSection(SolutionConfigurationPlatforms) = preSolution
		Debug|Any CPU = Debug|Any CPU
		Release|Any CPU = Release|Any CPU
	EndGlobalSection
	GlobalSection(ProjectConfigurationPlatforms) = postSolution
		{FB7C7F44-DACA-7D3C-773F-7156CDFD9A88}.Debug|Any CPU.ActiveCfg = Debug|Any CPU
		{FB7C7F44-DACA-7D3C-773F-7156CDFD9A88}.Debug|Any CPU.Build.0 = Debug|Any CPU
		{FB7C7F44-DACA-7D3C-773F-7156CDFD9A88}.Release|Any CPU.ActiveCfg = Release|Any CPU
		{FB7C7F44-DACA-7D3C-773F-7156CDFD9A88}.Release|Any CPU.Build.0 = Release|Any CPU
		{EDE3743A-4D3C-1B3F-31F9-8EAB7CB203E2}.Debug|Any CPU.ActiveCfg = Debug|Any CPU
		{EDE3743A-4D3C-1B3F-31F9-8EAB7CB203E2}.Debug|Any CPU.Build.0 = Debug|Any CPU
		{EDE3743A-4D3C-1B3F-31F9-8EAB7CB203E2}.Release|Any CPU.ActiveCfg = Release|Any CPU
		{EDE3743A-4D3C-1B3F-31F9-8EAB7CB203E2}.Release|Any CPU.Build.0 = Release|Any CPU
		{912EADE1-DC47-A3CC-4999-D02EC0068213}.Debug|Any CPU.ActiveCfg = Debug|Any CPU
		{912EADE1-DC47-A3CC-4999-D02EC0068213}.Debug|Any CPU.Build.0 = Debug|Any CPU
		{912EADE1-DC47-A3CC-4999-D02EC0068213}.Release|Any CPU.ActiveCfg = Release|Any CPU
		{912EADE1-DC47-A3CC-4999-D02EC0068213}.Release|Any CPU.Build.0 = Release|Any CPU
		{D744C6C6-45D6-031E-C6E0-D8148250A109}.Debug|Any CPU.ActiveCfg = Debug|Any CPU
		{D744C6C6-45D6-031E-C6E0-D8148250A109}.Debug|Any CPU.Build.0 = Debug|Any CPU
		{D744C6C6-45D6-031E-C6E0-D8148250A109}.Release|Any CPU.ActiveCfg = Release|Any CPU
		{D744C6C6-45D6-031E-C6E0-D8148250A109}.Release|Any CPU.Build.0 = Release|Any CPU
	EndGlobalSection
	GlobalSection(SolutionProperties) = preSolution
		HideSolutionNode = FALSE
	EndGlobalSection
EndGlobal
